
Microsoft Visual Studio Solution File, Format Version 12.00
# Visual Studio Version 16
VisualStudioVersion = 16.0.31402.337
MinimumVisualStudioVersion = 10.0.40219.1
Project("{FAE04EC0-301F-11D3-BF4B-00C04F79EFBC}") = "FFXIVItemStringExportTool", "FFXIVItemStringExportTool.csproj", "{653B8D2D-AF52-434B-839B-5490CC34F69D}"
EndProject
Global
	GlobalSection(SolutionConfigurationPlatforms) = preSolution
		Debug|Any CPU = Debug|Any CPU
		Release|Any CPU = Release|Any CPU
	EndGlobalSection
	GlobalSection(ProjectConfigurationPlatforms) = postSolution
		{653B8D2D-AF52-434B-839B-5490CC34F69D}.Debug|Any CPU.ActiveCfg = Debug|Any CPU
		{653B8D2D-AF52-434B-839B-5490CC34F69D}.Debug|Any CPU.Build.0 = Debug|Any CPU
		{653B8D2D-AF52-434B-839B-5490CC34F69D}.Release|Any CPU.ActiveCfg = Release|Any CPU
		{653B8D2D-AF52-434B-839B-5490CC34F69D}.Release|Any CPU.Build.0 = Release|Any CPU
	EndGlobalSection
	GlobalSection(SolutionProperties) = preSolution
		HideSolutionNode = FALSE
	EndGlobalSection
	GlobalSection(ExtensibilityGlobals) = postSolution
		SolutionGuid = {E8007D2B-8EDA-48B7-8716-B45F6EFD24B6}
	EndGlobalSection
EndGlobal
